
Microsoft Visual Studio Solution File, Format Version 12.00
# Visual Studio Version 16
VisualStudioVersion = 16.0.31624.102
MinimumVisualStudioVersion = 10.0.40219.1
Project("{FAE04EC0-301F-11D3-BF4B-00C04F79EFBC}") = "Tomogram_visualizer", "Tomogram_visualizer\Tomogram_visualizer.csproj", "{2EFD36D2-1BEC-4AEE-922D-39827F3EA78C}"
EndProject
Global
	GlobalSection(SolutionConfigurationPlatforms) = preSolution
		Debug|Any CPU = Debug|Any CPU
		Release|Any CPU = Release|Any CPU
	EndGlobalSection
	GlobalSection(ProjectConfigurationPlatforms) = postSolution
		{2EFD36D2-1BEC-4AEE-922D-39827F3EA78C}.Debug|Any CPU.ActiveCfg = Debug|Any CPU
		{2EFD36D2-1BEC-4AEE-922D-39827F3EA78C}.Debug|Any CPU.Build.0 = Debug|Any CPU
		{2EFD36D2-1BEC-4AEE-922D-39827F3EA78C}.Release|Any CPU.ActiveCfg = Release|Any CPU
		{2EFD36D2-1BEC-4AEE-922D-39827F3EA78C}.Release|Any CPU.Build.0 = Release|Any CPU
	EndGlobalSection
	GlobalSection(SolutionProperties) = preSolution
		HideSolutionNode = FALSE
	EndGlobalSection
	GlobalSection(ExtensibilityGlobals) = postSolution
		SolutionGuid = {9B5C3BAA-5F29-49EA-B8BB-568AAB84F8FE}
	EndGlobalSection
EndGlobal
